PODS:
  - Alamofire (4.9.1)
  - AlamofireCoreData (2.0.0):
    - Alamofire (~> 4.7)
    - Groot (~> 3.0)
  - Groot (3.0.1):
    - Groot/Swift (= 3.0.1)
  - Groot/Swift (3.0.1)
  - PromiseKit/CorePromise (6.13.1)

DEPENDENCIES:
  - AlamofireCoreData (~> 2.0)
  - PromiseKit/CorePromise (~> 6.0)

SPEC REPOS:
  trunk:
    - Alamofire
    - AlamofireCoreData
    - Groot
    - PromiseKit

SPEC CHECKSUMS:
  Alamofire: 85e8a02c69d6020a0d734f6054870d7ecb75cf18
  AlamofireCoreData: 3205949bd789c2aa5e1cd8f4d703631c9d7ba09c
  Groot: a668afbcf0be88d76c0a26c714cfa4638ceaca66
  PromiseKit: 28fda91c973cc377875d8c0ea4f973013c05b6db

PODFILE CHECKSUM: 4853e3d0c59f468694ec57d41a22744297f2084d

COCOAPODS: 1.10.0
