PODS:
  - Alamofire (4.7.3)
  - AlamofireCoreData (2.0.0):
    - Alamofire (~> 4.7)
    - Groot (~> 3.0)
  - Groot (3.0.1):
    - Groot/Swift (= 3.0.1)
  - Groot/Swift (3.0.1)
  - PromiseKit/CorePromise (6.13.1)

DEPENDENCIES:
  - AlamofireCoreData (~> 2.0)
  - PromiseKit/CorePromise (~> 6.0)

SPEC REPOS:
  https://github.com/CocoaPods/Specs:
    - Alamofire
    - AlamofireCoreData
    - Groot
  trunk:
    - PromiseKit

SPEC CHECKSUMS:
  Alamofire: c7287b6e5d7da964a70935e5db17046b7fde6568
  AlamofireCoreData: 3205949bd789c2aa5e1cd8f4d703631c9d7ba09c
  Groot: a668afbcf0be88d76c0a26c714cfa4638ceaca66
  PromiseKit: 28fda91c973cc377875d8c0ea4f973013c05b6db

PODFILE CHECKSUM: b912b9bf81e1302acde5637e09defa21ed0d0090

COCOAPODS: 1.10.0
